
Microsoft Visual Studio Solution File, Format Version 12.00
# Visual Studio 14
VisualStudioVersion = 14.0.25420.1
MinimumVisualStudioVersion = 10.0.40219.1
Project("{FAE04EC0-301F-11D3-BF4B-00C04F79EFBC}") = "WebApp_Controller", "WebApp_Controller\WebApp_Controller.csproj", "{05215310-B9E5-467D-AE4B-AC0045635D54}"
EndProject
Project("{2150E333-8FDC-42A3-9474-1A3956D46DE8}") = "View And Controller", "View And Controller", "{5272F1AF-B93A-40CC-BB0D-DB651AEF5976}"
EndProject
Project("{2150E333-8FDC-42A3-9474-1A3956D46DE8}") = "Model", "Model", "{421578AC-23BD-4301-94C1-3DEFE32030F1}"
EndProject
Project("{2150E333-8FDC-42A3-9474-1A3956D46DE8}") = "ViewModel", "ViewModel", "{F361DF01-8E59-4668-9E1F-AB388DCAA7DA}"
EndProject
Project("{2150E333-8FDC-42A3-9474-1A3956D46DE8}") = "Data Access Layer", "Data Access Layer", "{6722E9A6-274B-42EA-B508-41DC2879E75B}"
EndProject
Project("{FAE04EC0-301F-11D3-BF4B-00C04F79EFBC}") = "DataAccessLayer", "DataAccessLayer\DataAccessLayer.csproj", "{CE1EA816-C035-4A9D-80B0-A1E1716C8D24}"
EndProject
Project("{FAE04EC0-301F-11D3-BF4B-00C04F79EFBC}") = "BusinessLayer", "BusinessLayer\BusinessLayer.csproj", "{8A9F1C5C-E676-4024-80A5-35372FD83958}"
EndProject
Project("{FAE04EC0-301F-11D3-BF4B-00C04F79EFBC}") = "BusinessEntities", "BusinessEntities\BusinessEntities.csproj", "{80D4743F-BFA3-4831-8F16-F3A1FB9BF504}"
EndProject
Project("{FAE04EC0-301F-11D3-BF4B-00C04F79EFBC}") = "ViewModel", "ViewModel\ViewModel.csproj", "{66D7A0ED-1D15-4B7E-A291-446C463CBA11}"
EndProject
Global
	GlobalSection(SolutionConfigurationPlatforms) = preSolution
		Debug|Any CPU = Debug|Any CPU
		Release|Any CPU = Release|Any CPU
	EndGlobalSection
	GlobalSection(ProjectConfigurationPlatforms) = postSolution
		{05215310-B9E5-467D-AE4B-AC0045635D54}.Debug|Any CPU.ActiveCfg = Debug|Any CPU
		{05215310-B9E5-467D-AE4B-AC0045635D54}.Debug|Any CPU.Build.0 = Debug|Any CPU
		{05215310-B9E5-467D-AE4B-AC0045635D54}.Release|Any CPU.ActiveCfg = Release|Any CPU
		{05215310-B9E5-467D-AE4B-AC0045635D54}.Release|Any CPU.Build.0 = Release|Any CPU
		{CE1EA816-C035-4A9D-80B0-A1E1716C8D24}.Debug|Any CPU.ActiveCfg = Debug|Any CPU
		{CE1EA816-C035-4A9D-80B0-A1E1716C8D24}.Debug|Any CPU.Build.0 = Debug|Any CPU
		{CE1EA816-C035-4A9D-80B0-A1E1716C8D24}.Release|Any CPU.ActiveCfg = Release|Any CPU
		{CE1EA816-C035-4A9D-80B0-A1E1716C8D24}.Release|Any CPU.Build.0 = Release|Any CPU
		{8A9F1C5C-E676-4024-80A5-35372FD83958}.Debug|Any CPU.ActiveCfg = Debug|Any CPU
		{8A9F1C5C-E676-4024-80A5-35372FD83958}.Debug|Any CPU.Build.0 = Debug|Any CPU
		{8A9F1C5C-E676-4024-80A5-35372FD83958}.Release|Any CPU.ActiveCfg = Release|Any CPU
		{8A9F1C5C-E676-4024-80A5-35372FD83958}.Release|Any CPU.Build.0 = Release|Any CPU
		{80D4743F-BFA3-4831-8F16-F3A1FB9BF504}.Debug|Any CPU.ActiveCfg = Debug|Any CPU
		{80D4743F-BFA3-4831-8F16-F3A1FB9BF504}.Debug|Any CPU.Build.0 = Debug|Any CPU
		{80D4743F-BFA3-4831-8F16-F3A1FB9BF504}.Release|Any CPU.ActiveCfg = Release|Any CPU
		{80D4743F-BFA3-4831-8F16-F3A1FB9BF504}.Release|Any CPU.Build.0 = Release|Any CPU
		{66D7A0ED-1D15-4B7E-A291-446C463CBA11}.Debug|Any CPU.ActiveCfg = Debug|Any CPU
		{66D7A0ED-1D15-4B7E-A291-446C463CBA11}.Debug|Any CPU.Build.0 = Debug|Any CPU
		{66D7A0ED-1D15-4B7E-A291-446C463CBA11}.Release|Any CPU.ActiveCfg = Release|Any CPU
		{66D7A0ED-1D15-4B7E-A291-446C463CBA11}.Release|Any CPU.Build.0 = Release|Any CPU
	EndGlobalSection
	GlobalSection(SolutionProperties) = preSolution
		HideSolutionNode = FALSE
	EndGlobalSection
	GlobalSection(NestedProjects) = preSolution
		{05215310-B9E5-467D-AE4B-AC0045635D54} = {5272F1AF-B93A-40CC-BB0D-DB651AEF5976}
		{CE1EA816-C035-4A9D-80B0-A1E1716C8D24} = {6722E9A6-274B-42EA-B508-41DC2879E75B}
		{8A9F1C5C-E676-4024-80A5-35372FD83958} = {421578AC-23BD-4301-94C1-3DEFE32030F1}
		{80D4743F-BFA3-4831-8F16-F3A1FB9BF504} = {421578AC-23BD-4301-94C1-3DEFE32030F1}
		{66D7A0ED-1D15-4B7E-A291-446C463CBA11} = {F361DF01-8E59-4668-9E1F-AB388DCAA7DA}
	EndGlobalSection
EndGlobal
